<?xml version="1.0" encoding="utf-8"?>
<Project ToolsVersion="4.0" xmlns="http://schemas.microsoft.com/developer/msbuild/2003">
  <ItemGroup>
    <Filter Include="Source Files">
      <UniqueIdentifier>{4FC737F1-C7A5-4376-A066-2A32D752A2FF}</UniqueIdentifier>
      <Extensions>cpp;c;cc;cxx;def;odl;idl;hpj;bat;asm;asmx</Extensions>
    </Filter>
    <Filter Include="Header Files">
      <UniqueIdentifier>{93995380-89BD-4b04-88EB-625FBE52EBFB}</UniqueIdentifier>
      <Extensions>h;hh;hpp;hxx;hm;inl;inc;xsd</Extensions>
    </Filter>
    <Filter Include="Resource Files">
      <UniqueIdentifier>{67DA6AB6-F800-4c08-8B7A-83BB121AAD01}</UniqueIdentifier>
      <Extensions>rc;ico;cur;bmp;dlg;rc2;rct;bin;rgs;gif;jpg;jpeg;jpe;resx;tiff;tif;png;wav;mfcribbon-ms</Extensions>
    </Filter>
    <Filter Include="Source Files\States">
      <UniqueIdentifier>{02982aac-4e60-4601-988e-7ca877ed785a}</UniqueIdentifier>
    </Filter>
    <Filter Include="Source Files\Core">
      <UniqueIdentifier>{7992ba6d-58f3-4f19-adbd-b5c7aa4403e9}</UniqueIdentifier>
    </Filter>
    <Filter Include="Header Files\State">
      <UniqueIdentifier>{66bc7836-a6bb-493d-8d34-ee6a23ffa3fd}</UniqueIdentifier>
    </Filter>
    <Filter Include="Header Files\Core">
      <UniqueIdentifier>{80f057a2-390e-4348-a898-6984bd0d57a4}</UniqueIdentifier>
    </Filter>
    <Filter Include="Header Files\Entities">
      <UniqueIdentifier>{91726e99-3746-4bb9-958e-ff2a2fea5a37}</UniqueIdentifier>
    </Filter>
    <Filter Include="Source Files\Entities">
      <UniqueIdentifier>{16895191-ec97-433a-b04f-4dfd93cee56e}</UniqueIdentifier>
    </Filter>
  </ItemGroup>
  <ItemGroup>
    <ClCompile Include="play_state.cpp">
      <Filter>Source Files\States</Filter>
    </ClCompile>
    <ClCompile Include="menu_state.cpp">
      <Filter>Source Files\States</Filter>
    </ClCompile>
    <ClCompile Include="entity.cpp">
      <Filter>Source Files\Core</Filter>
    </ClCompile>
    <ClCompile Include="Main.cpp">
      <Filter>Source Files\Core</Filter>
    </ClCompile>
    <ClCompile Include="entity_manager.cpp">
      <Filter>Source Files\Core</Filter>
    </ClCompile>
    <ClCompile Include="player.cpp">
      <Filter>Source Files\Entities</Filter>
    </ClCompile>
    <ClCompile Include="Enemy.cpp">
      <Filter>Source Files\Entities</Filter>
    </ClCompile>
    <ClCompile Include="bullet.cpp">
      <Filter>Source Files\Entities</Filter>
    </ClCompile>
  </ItemGroup>
  <ItemGroup>
    <None Include="packages.config" />
  </ItemGroup>
  <ItemGroup>
    <ClInclude Include="play_state.h">
      <Filter>Header Files\State</Filter>
    </ClInclude>
    <ClInclude Include="menu_state.h">
      <Filter>Header Files\State</Filter>
    </ClInclude>
    <ClInclude Include="game_state.h">
      <Filter>Header Files\Core</Filter>
    </ClInclude>
    <ClInclude Include="entity.h">
      <Filter>Header Files\Core</Filter>
    </ClInclude>
    <ClInclude Include="entity_manager.h">
      <Filter>Header Files\Core</Filter>
    </ClInclude>
    <ClInclude Include="player.h">
      <Filter>Header Files\Entities</Filter>
    </ClInclude>
    <ClInclude Include="Enemy.h">
      <Filter>Header Files\Entities</Filter>
    </ClInclude>
    <ClInclude Include="bullet.h">
      <Filter>Header Files\Entities</Filter>
    </ClInclude>
  </ItemGroup>
  <ItemGroup>
    <Image Include="spriteSheet.png">
      <Filter>Resource Files</Filter>
    </Image>
  </ItemGroup>
</Project>